Microsoft Visual Studio Solution File, Format Version 12.00
# Visual Studio Version 17
VisualStudioVersion = 17.5.2.0
MinimumVisualStudioVersion = 10.0.40219.1
Project("{FAE04EC0-301F-11D3-BF4B-00C04F79EFBC}") = "StudyHub.API", "StudyHub.API.csproj", "{2C3A7BE8-EEB4-5FF1-7021-9FA0DBC041CB}"
EndProject
Global
	GlobalSection(SolutionConfigurationPlatforms) = preSolution
		Debug|Any CPU = Debug|Any CPU
		Release|Any CPU = Release|Any CPU
	EndGlobalSection
	GlobalSection(ProjectConfigurationPlatforms) = postSolution
		{2C3A7BE8-EEB4-5FF1-7021-9FA0DBC041CB}.Debug|Any CPU.ActiveCfg = Debug|Any CPU
		{2C3A7BE8-EEB4-5FF1-7021-9FA0DBC041CB}.Debug|Any CPU.Build.0 = Debug|Any CPU
		{2C3A7BE8-EEB4-5FF1-7021-9FA0DBC041CB}.Release|Any CPU.ActiveCfg = Release|Any CPU
		{2C3A7BE8-EEB4-5FF1-7021-9FA0DBC041CB}.Release|Any CPU.Build.0 = Release|Any CPU
	EndGlobalSection
	GlobalSection(SolutionProperties) = preSolution
		HideSolutionNode = FALSE
	EndGlobalSection
	GlobalSection(ExtensibilityGlobals) = postSolution
		SolutionGuid = {AE54DD34-BA17-4A57-8649-E055F1B034EB}
	EndGlobalSection
EndGlobal
